
Microsoft Visual Studio Solution File, Format Version 12.00
# Visual Studio 15
VisualStudioVersion = 15.0.26124.0
MinimumVisualStudioVersion = 15.0.26124.0
Project("{2150E333-8FDC-42A3-9474-1A3956D46DE8}") = "src", "src", "{66E416BA-135A-4B1B-975A-7B50EF9647B8}"
EndProject
Project("{FAE04EC0-301F-11D3-BF4B-00C04F79EFBC}") = "Wedding.WebApp", "src\Wedding.WebApp\Wedding.WebApp.csproj", "{6FEC92BD-C4DF-4010-8CA5-9C4988D30AC2}"
EndProject
Project("{2150E333-8FDC-42A3-9474-1A3956D46DE8}") = "Solution Files", "Solution Files", "{E7A4067A-BFA3-4673-9A9C-7BD50835D2C5}"
ProjectSection(SolutionItems) = preProject
	.dockerignore = .dockerignore
	.gitignore = .gitignore
	docker-compose.yml = docker-compose.yml
	LICENSE = LICENSE
	Makefile = Makefile
	README.md = README.md
	README2.md = README2.md
EndProjectSection
EndProject
Global
	GlobalSection(SolutionConfigurationPlatforms) = preSolution
		Debug|Any CPU = Debug|Any CPU
		Debug|x64 = Debug|x64
		Debug|x86 = Debug|x86
		Release|Any CPU = Release|Any CPU
		Release|x64 = Release|x64
		Release|x86 = Release|x86
	EndGlobalSection
	GlobalSection(SolutionProperties) = preSolution
		HideSolutionNode = FALSE
	EndGlobalSection
	GlobalSection(ProjectConfigurationPlatforms) = postSolution
		{6FEC92BD-C4DF-4010-8CA5-9C4988D30AC2}.Debug|Any CPU.ActiveCfg = Debug|Any CPU
		{6FEC92BD-C4DF-4010-8CA5-9C4988D30AC2}.Debug|Any CPU.Build.0 = Debug|Any CPU
		{6FEC92BD-C4DF-4010-8CA5-9C4988D30AC2}.Debug|x64.ActiveCfg = Debug|Any CPU
		{6FEC92BD-C4DF-4010-8CA5-9C4988D30AC2}.Debug|x64.Build.0 = Debug|Any CPU
		{6FEC92BD-C4DF-4010-8CA5-9C4988D30AC2}.Debug|x86.ActiveCfg = Debug|Any CPU
		{6FEC92BD-C4DF-4010-8CA5-9C4988D30AC2}.Debug|x86.Build.0 = Debug|Any CPU
		{6FEC92BD-C4DF-4010-8CA5-9C4988D30AC2}.Release|Any CPU.ActiveCfg = Release|Any CPU
		{6FEC92BD-C4DF-4010-8CA5-9C4988D30AC2}.Release|Any CPU.Build.0 = Release|Any CPU
		{6FEC92BD-C4DF-4010-8CA5-9C4988D30AC2}.Release|x64.ActiveCfg = Release|Any CPU
		{6FEC92BD-C4DF-4010-8CA5-9C4988D30AC2}.Release|x64.Build.0 = Release|Any CPU
		{6FEC92BD-C4DF-4010-8CA5-9C4988D30AC2}.Release|x86.ActiveCfg = Release|Any CPU
		{6FEC92BD-C4DF-4010-8CA5-9C4988D30AC2}.Release|x86.Build.0 = Release|Any CPU
	EndGlobalSection
	GlobalSection(NestedProjects) = preSolution
		{6FEC92BD-C4DF-4010-8CA5-9C4988D30AC2} = {66E416BA-135A-4B1B-975A-7B50EF9647B8}
	EndGlobalSection
EndGlobal
